// !$*UTF8*$!
{
	archiveVersion = 1;
	classes = {
	};
	objectVersion = 50;
	objects = {

/* Begin PBXBuildFile section */
		3FA8B51425CC71F8004E818C /* TestingCombineExamples.swift in Sources */ = {isa = PBXBuildFile; fileRef = 3FA8B51325CC71F8004E818C /* TestingCombineExamples.swift */; };
		3FA8B51B25CC78B9004E818C /* TestError.swift in Sources */ = {isa = PBXBuildFile; fileRef = 3FA8B51A25CC78B9004E818C /* TestError.swift */; };
		3FA8B51E25CC7AB8004E818C /* XCTestCase+CombineAssertions.swift in Sources */ = {isa = PBXBuildFile; fileRef = 3FA8B51D25CC7AB8004E818C /* XCTestCase+CombineAssertions.swift */; };
		3FA8B52725CC7DA0004E818C /* DispatchQueue+SyntaxSugar.swift in Sources */ = {isa = PBXBuildFile; fileRef = 3FA8B52625CC7DA0004E818C /* DispatchQueue+SyntaxSugar.swift */; };
		3FA8B52225CC7B26004E818C /* ExamplesWithCustomAssertions.swift in Sources */ = {isa = PBXBuildFile; fileRef = 3FA8B52125CC7B26004E818C /* ExamplesWithCustomAssertions.swift */; };
/* End PBXBuildFile section */

/* Begin PBXFileReference section */
		3FA8B51025CC71F8004E818C /* TestingCombineExamples.xctest */ = {isa = PBXFileReference; explicitFileType = wrapper.cfbundle; includeInIndex = 0; path = TestingCombineExamples.xctest; sourceTree = BUILT_PRODUCTS_DIR; };
		3FA8B51325CC71F8004E818C /* TestingCombineExamples.swift */ = {isa = PBXFileReference; lastKnownFileType = sourcecode.swift; path = TestingCombineExamples.swift; sourceTree = "<group>"; };
		3FA8B51525CC71F8004E818C /* Info.plist */ = {isa = PBXFileReference; lastKnownFileType = text.plist.xml; path = Info.plist; sourceTree = "<group>"; };
		3FA8B51A25CC78B9004E818C /* TestError.swift */ = {isa = PBXFileReference; lastKnownFileType = sourcecode.swift; path = TestError.swift; sourceTree = "<group>"; };
		3FA8B51D25CC7AB8004E818C /* XCTestCase+CombineAssertions.swift */ = {isa = PBXFileReference; lastKnownFileType = sourcecode.swift; path = "XCTestCase+CombineAssertions.swift"; sourceTree = "<group>"; };
		3FA8B52625CC7DA0004E818C /* DispatchQueue+SyntaxSugar.swift */ = {isa = PBXFileReference; lastKnownFileType = sourcecode.swift; path = "DispatchQueue+SyntaxSugar.swift"; sourceTree = "<group>"; };
		3FA8B52125CC7B26004E818C /* ExamplesWithCustomAssertions.swift */ = {isa = PBXFileReference; lastKnownFileType = sourcecode.swift; path = ExamplesWithCustomAssertions.swift; sourceTree = "<group>"; };
/* End PBXFileReference section */

/* Begin PBXFrameworksBuildPhase section */
		3FA8B50D25CC71F8004E818C /* Frameworks */ = {
			isa = PBXFrameworksBuildPhase;
			buildActionMask = 2147483647;
			files = (
			);
			runOnlyForDeploymentPostprocessing = 0;
		};
/* End PBXFrameworksBuildPhase section */

/* Begin PBXGroup section */
		3FA8B50525CC7195004E818C = {
			isa = PBXGroup;
			children = (
				3FA8B51225CC71F8004E818C /* TestingCombineExamples */,
				3FA8B51125CC71F8004E818C /* Products */,
			);
			sourceTree = "<group>";
		};
		3FA8B51125CC71F8004E818C /* Products */ = {
			isa = PBXGroup;
			children = (
				3FA8B51025CC71F8004E818C /* TestingCombineExamples.xctest */,
			);
			name = Products;
			sourceTree = "<group>";
		};
		3FA8B51225CC71F8004E818C /* TestingCombineExamples */ = {
			isa = PBXGroup;
			children = (
				3FA8B52625CC7DA0004E818C /* DispatchQueue+SyntaxSugar.swift */,
				3FA8B52125CC7B26004E818C /* ExamplesWithCustomAssertions.swift */,
				3FA8B51A25CC78B9004E818C /* TestError.swift */,
				3FA8B51325CC71F8004E818C /* TestingCombineExamples.swift */,
				3FA8B51D25CC7AB8004E818C /* XCTestCase+CombineAssertions.swift */,
				3FA8B51525CC71F8004E818C /* Info.plist */,
			);
			path = TestingCombineExamples;
			sourceTree = "<group>";
		};
/* End PBXGroup section */

/* Begin PBXNativeTarget section */
		3FA8B50F25CC71F8004E818C /* TestingCombineExamples */ = {
			isa = PBXNativeTarget;
			buildConfigurationList = 3FA8B51625CC71F8004E818C /* Build configuration list for PBXNativeTarget "TestingCombineExamples" */;
			buildPhases = (
				3FA8B50C25CC71F8004E818C /* Sources */,
				3FA8B50D25CC71F8004E818C /* Frameworks */,
				3FA8B50E25CC71F8004E818C /* Resources */,
			);
			buildRules = (
			);
			dependencies = (
			);
			name = TestingCombineExamples;
			productName = TestingCombineExamples;
			productReference = 3FA8B51025CC71F8004E818C /* TestingCombineExamples.xctest */;
			productType = "com.apple.product-type.bundle.unit-test";
		};
/* End PBXNativeTarget section */

/* Begin PBXProject section */
		3FA8B50625CC7195004E818C /* Project object */ = {
			isa = PBXProject;
			attributes = {
				LastSwiftUpdateCheck = 1240;
				LastUpgradeCheck = 1240;
				TargetAttributes = {
					3FA8B50F25CC71F8004E818C = {
						CreatedOnToolsVersion = 12.4;
					};
				};
			};
			buildConfigurationList = 3FA8B50925CC7195004E818C /* Build configuration list for PBXProject "TestingCombineExamples" */;
			compatibilityVersion = "Xcode 9.3";
			developmentRegion = en;
			hasScannedForEncodings = 0;
			knownRegions = (
				en,
				Base,
			);
			mainGroup = 3FA8B50525CC7195004E818C;
			productRefGroup = 3FA8B51125CC71F8004E818C /* Products */;
			projectDirPath = "";
			projectRoot = "";
			targets = (
				3FA8B50F25CC71F8004E818C /* TestingCombineExamples */,
			);
		};
/* End PBXProject section */

/* Begin PBXResourcesBuildPhase section */
		3FA8B50E25CC71F8004E818C /* Resources */ = {
			isa = PBXResourcesBuildPhase;
			buildActionMask = 2147483647;
			files = (
			);
			runOnlyForDeploymentPostprocessing = 0;
		};
/* End PBXResourcesBuildPhase section */

/* Begin PBXSourcesBuildPhase section */
		3FA8B50C25CC71F8004E818C /* Sources */ = {
			isa = PBXSourcesBuildPhase;
			buildActionMask = 2147483647;
			files = (
				3FA8B52725CC7DA0004E818C /* DispatchQueue+SyntaxSugar.swift in Sources */,
				3FA8B51B25CC78B9004E818C /* TestError.swift in Sources */,
				3FA8B51E25CC7AB8004E818C /* XCTestCase+CombineAssertions.swift in Sources */,
				3FA8B52225CC7B26004E818C /* ExamplesWithCustomAssertions.swift in Sources */,
				3FA8B51425CC71F8004E818C /* TestingCombineExamples.swift in Sources */,
			);
			runOnlyForDeploymentPostprocessing = 0;
		};
/* End PBXSourcesBuildPhase section */

/* Begin XCBuildConfiguration section */
		3FA8B50A25CC7195004E818C /* Debug */ = {
			isa = XCBuildConfiguration;
			buildSettings = {
			};
			name = Debug;
		};
		3FA8B50B25CC7195004E818C /* Release */ = {
			isa = XCBuildConfiguration;
			buildSettings = {
			};
			name = Release;
		};
		3FA8B51725CC71F8004E818C /* Debug */ = {
			isa = XCBuildConfiguration;
			buildSettings = {
				ALWAYS_SEARCH_USER_PATHS = NO;
				CLANG_ANALYZER_NONNULL = YES;
				CLANG_ANALYZER_NUMBER_OBJECT_CONVERSION = YES_AGGRESSIVE;
				CLANG_CXX_LANGUAGE_STANDARD = "gnu++14";
				CLANG_CXX_LIBRARY = "libc++";
				CLANG_ENABLE_MODULES = YES;
				CLANG_ENABLE_OBJC_ARC = YES;
				CLANG_ENABLE_OBJC_WEAK = YES;
				CLANG_WARN_BLOCK_CAPTURE_AUTORELEASING = YES;
				CLANG_WARN_BOOL_CONVERSION = YES;
				CLANG_WARN_COMMA = YES;
				CLANG_WARN_CONSTANT_CONVERSION = YES;
				CLANG_WARN_DEPRECATED_OBJC_IMPLEMENTATIONS = YES;
				CLANG_WARN_DIRECT_OBJC_ISA_USAGE = YES_ERROR;
				CLANG_WARN_DOCUMENTATION_COMMENTS = YES;
				CLANG_WARN_EMPTY_BODY = YES;
				CLANG_WARN_ENUM_CONVERSION = YES;
				CLANG_WARN_INFINITE_RECURSION = YES;
				CLANG_WARN_INT_CONVERSION = YES;
				CLANG_WARN_NON_LITERAL_NULL_CONVERSION = YES;
				CLANG_WARN_OBJC_IMPLICIT_RETAIN_SELF = YES;
				CLANG_WARN_OBJC_LITERAL_CONVERSION = YES;
				CLANG_WARN_OBJC_ROOT_CLASS = YES_ERROR;
				CLANG_WARN_QUOTED_INCLUDE_IN_FRAMEWORK_HEADER = YES;
				CLANG_WARN_RANGE_LOOP_ANALYSIS = YES;
				CLANG_WARN_STRICT_PROTOTYPES = YES;
				CLANG_WARN_SUSPICIOUS_MOVE = YES;
				CLANG_WARN_UNGUARDED_AVAILABILITY = YES_AGGRESSIVE;
				CLANG_WARN_UNREACHABLE_CODE = YES;
				CLANG_WARN__DUPLICATE_METHOD_MATCH = YES;
				CODE_SIGN_STYLE = Automatic;
				COPY_PHASE_STRIP = NO;
				DEBUG_INFORMATION_FORMAT = dwarf;
				ENABLE_STRICT_OBJC_MSGSEND = YES;
				ENABLE_TESTABILITY = YES;
				GCC_C_LANGUAGE_STANDARD = gnu11;
				GCC_DYNAMIC_NO_PIC = NO;
				GCC_NO_COMMON_BLOCKS = YES;
				GCC_OPTIMIZATION_LEVEL = 0;
				GCC_PREPROCESSOR_DEFINITIONS = (
					"DEBUG=1",
					"$(inherited)",
				);
				GCC_WARN_64_TO_32_BIT_CONVERSION = YES;
				GCC_WARN_ABOUT_RETURN_TYPE = YES_ERROR;
				GCC_WARN_UNDECLARED_SELECTOR = YES;
				GCC_WARN_UNINITIALIZED_AUTOS = YES_AGGRESSIVE;
				GCC_WARN_UNUSED_FUNCTION = YES;
				GCC_WARN_UNUSED_VARIABLE = YES;
				INFOPLIST_FILE = TestingCombineExamples/Info.plist;
				IPHONEOS_DEPLOYMENT_TARGET = 14.4;
				LD_RUNPATH_SEARCH_PATHS = (
					"$(inherited)",
					"@executable_path/Frameworks",
					"@loader_path/Frameworks",
				);
				MTL_ENABLE_DEBUG_INFO = INCLUDE_SOURCE;
				MTL_FAST_MATH = YES;
				ONLY_ACTIVE_ARCH = YES;
				PRODUCT_BUNDLE_IDENTIFIER = giolodi.TestingCombineExamples;
				PRODUCT_NAME = "$(TARGET_NAME)";
				SDKROOT = iphoneos;
				SWIFT_ACTIVE_COMPILATION_CONDITIONS = DEBUG;
				SWIFT_OPTIMIZATION_LEVEL = "-Onone";
				SWIFT_VERSION = 5.0;
				TARGETED_DEVICE_FAMILY = "1,2";
			};
			name = Debug;
		};
		3FA8B51825CC71F8004E818C /* Release */ = {
			isa = XCBuildConfiguration;
			buildSettings = {
				ALWAYS_SEARCH_USER_PATHS = NO;
				CLANG_ANALYZER_NONNULL = YES;
				CLANG_ANALYZER_NUMBER_OBJECT_CONVERSION = YES_AGGRESSIVE;
				CLANG_CXX_LANGUAGE_STANDARD = "gnu++14";
				CLANG_CXX_LIBRARY = "libc++";
				CLANG_ENABLE_MODULES = YES;
				CLANG_ENABLE_OBJC_ARC = YES;
				CLANG_ENABLE_OBJC_WEAK = YES;
				CLANG_WARN_BLOCK_CAPTURE_AUTORELEASING = YES;
				CLANG_WARN_BOOL_CONVERSION = YES;
				CLANG_WARN_COMMA = YES;
				CLANG_WARN_CONSTANT_CONVERSION = YES;
				CLANG_WARN_DEPRECATED_OBJC_IMPLEMENTATIONS = YES;
				CLANG_WARN_DIRECT_OBJC_ISA_USAGE = YES_ERROR;
				CLANG_WARN_DOCUMENTATION_COMMENTS = YES;
				CLANG_WARN_EMPTY_BODY = YES;
				CLANG_WARN_ENUM_CONVERSION = YES;
				CLANG_WARN_INFINITE_RECURSION = YES;
				CLANG_WARN_INT_CONVERSION = YES;
				CLANG_WARN_NON_LITERAL_NULL_CONVERSION = YES;
				CLANG_WARN_OBJC_IMPLICIT_RETAIN_SELF = YES;
				CLANG_WARN_OBJC_LITERAL_CONVERSION = YES;
				CLANG_WARN_OBJC_ROOT_CLASS = YES_ERROR;
				CLANG_WARN_QUOTED_INCLUDE_IN_FRAMEWORK_HEADER = YES;
				CLANG_WARN_RANGE_LOOP_ANALYSIS = YES;
				CLANG_WARN_STRICT_PROTOTYPES = YES;
				CLANG_WARN_SUSPICIOUS_MOVE = YES;
				CLANG_WARN_UNGUARDED_AVAILABILITY = YES_AGGRESSIVE;
				CLANG_WARN_UNREACHABLE_CODE = YES;
				CLANG_WARN__DUPLICATE_METHOD_MATCH = YES;
				CODE_SIGN_STYLE = Automatic;
				COPY_PHASE_STRIP = NO;
				DEBUG_INFORMATION_FORMAT = "dwarf-with-dsym";
				ENABLE_NS_ASSERTIONS = NO;
				ENABLE_STRICT_OBJC_MSGSEND = YES;
				GCC_C_LANGUAGE_STANDARD = gnu11;
				GCC_NO_COMMON_BLOCKS = YES;
				GCC_WARN_64_TO_32_BIT_CONVERSION = YES;
				GCC_WARN_ABOUT_RETURN_TYPE = YES_ERROR;
				GCC_WARN_UNDECLARED_SELECTOR = YES;
				GCC_WARN_UNINITIALIZED_AUTOS = YES_AGGRESSIVE;
				GCC_WARN_UNUSED_FUNCTION = YES;
				GCC_WARN_UNUSED_VARIABLE = YES;
				INFOPLIST_FILE = TestingCombineExamples/Info.plist;
				IPHONEOS_DEPLOYMENT_TARGET = 14.4;
				LD_RUNPATH_SEARCH_PATHS = (
					"$(inherited)",
					"@executable_path/Frameworks",
					"@loader_path/Frameworks",
				);
				MTL_ENABLE_DEBUG_INFO = NO;
				MTL_FAST_MATH = YES;
				PRODUCT_BUNDLE_IDENTIFIER = giolodi.TestingCombineExamples;
				PRODUCT_NAME = "$(TARGET_NAME)";
				SDKROOT = iphoneos;
				SWIFT_COMPILATION_MODE = wholemodule;
				SWIFT_OPTIMIZATION_LEVEL = "-O";
				SWIFT_VERSION = 5.0;
				TARGETED_DEVICE_FAMILY = "1,2";
				VALIDATE_PRODUCT = YES;
			};
			name = Release;
		};
/* End XCBuildConfiguration section */

/* Begin XCConfigurationList section */
		3FA8B50925CC7195004E818C /* Build configuration list for PBXProject "TestingCombineExamples" */ = {
			isa = XCConfigurationList;
			buildConfigurations = (
				3FA8B50A25CC7195004E818C /* Debug */,
				3FA8B50B25CC7195004E818C /* Release */,
			);
			defaultConfigurationIsVisible = 0;
			defaultConfigurationName = Release;
		};
		3FA8B51625CC71F8004E818C /* Build configuration list for PBXNativeTarget "TestingCombineExamples" */ = {
			isa = XCConfigurationList;
			buildConfigurations = (
				3FA8B51725CC71F8004E818C /* Debug */,
				3FA8B51825CC71F8004E818C /* Release */,
			);
			defaultConfigurationIsVisible = 0;
			defaultConfigurationName = Release;
		};
/* End XCConfigurationList section */
	};
	rootObject = 3FA8B50625CC7195004E818C /* Project object */;
}
